<Solution>
  <Folder Name="/src/">
    <Project Path="src/frontend/Simplimixi.csproj" />
  </Folder>
  <Folder Name="/src/backend/">
    <Project Path="src/backend/Simplimixi.Backend.csproj" />
  </Folder>
  <Folder Name="/tests/">
    <Project Path="tests/Simplimixi.Frontend.Tests/Simplimixi.Frontend.Tests.csproj" />
  </Folder>
</Solution>
